
Microsoft Visual Studio Solution File, Format Version 12.00
# Visual Studio Version 17
VisualStudioVersion = 17.0.32126.317
MinimumVisualStudioVersion = 10.0.40219.1
Project("{FAE04EC0-301F-11D3-BF4B-00C04F79EFBC}") = "Abstract Example", "Abstract Example\Abstract Example.csproj", "{1507BB44-6B77-480D-9B55-5492D63A46DF}"
EndProject
Project("{FAE04EC0-301F-11D3-BF4B-00C04F79EFBC}") = "CoffeStar", "CoffeStar\CoffeStar.csproj", "{C4C75A6B-EA58-4E0A-9D46-B7D2993991E7}"
EndProject
Global
	GlobalSection(SolutionConfigurationPlatforms) = preSolution
		Debug|Any CPU = Debug|Any CPU
		Release|Any CPU = Release|Any CPU
	EndGlobalSection
	GlobalSection(ProjectConfigurationPlatforms) = postSolution
		{1507BB44-6B77-480D-9B55-5492D63A46DF}.Debug|Any CPU.ActiveCfg = Debug|Any CPU
		{1507BB44-6B77-480D-9B55-5492D63A46DF}.Debug|Any CPU.Build.0 = Debug|Any CPU
		{1507BB44-6B77-480D-9B55-5492D63A46DF}.Release|Any CPU.ActiveCfg = Release|Any CPU
		{1507BB44-6B77-480D-9B55-5492D63A46DF}.Release|Any CPU.Build.0 = Release|Any CPU
		{C4C75A6B-EA58-4E0A-9D46-B7D2993991E7}.Debug|Any CPU.ActiveCfg = Debug|Any CPU
		{C4C75A6B-EA58-4E0A-9D46-B7D2993991E7}.Debug|Any CPU.Build.0 = Debug|Any CPU
		{C4C75A6B-EA58-4E0A-9D46-B7D2993991E7}.Release|Any CPU.ActiveCfg = Release|Any CPU
		{C4C75A6B-EA58-4E0A-9D46-B7D2993991E7}.Release|Any CPU.Build.0 = Release|Any CPU
	EndGlobalSection
	GlobalSection(SolutionProperties) = preSolution
		HideSolutionNode = FALSE
	EndGlobalSection
	GlobalSection(ExtensibilityGlobals) = postSolution
		SolutionGuid = {87CC397D-740E-4305-86A4-7C497E328DC3}
	EndGlobalSection
EndGlobal
